{"format_version":"1.0","provider_schemas":{"registry.terraform.io/nitrikx/cloudinary-provisioning":{"provider":{"version":0,"block":{"attributes":{"account_id":{"type":"string","description":"Cloudinary account ID. Falls back to the CLOUDINARY_ACCOUNT_ID environment variable.","description_kind":"plain","optional":true},"account_url":{"type":"string","description":"Cloudinary account URL in the format account://API_KEY:API_SECRET@ACCOUNT_ID. When set, takes precedence over account_id, api_key, and api_secret. Falls back to the CLOUDINARY_ACCOUNT_URL environment variable.","description_kind":"plain","optional":true,"sensitive":true},"api_key":{"type":"string","description":"Cloudinary Provisioning API key. Falls back to the CLOUDINARY_API_KEY environment variable.","description_kind":"plain","optional":true},"api_secret":{"type":"string","description":"Cloudinary Provisioning API secret. Falls back to the CLOUDINARY_API_SECRET environment variable.","description_kind":"plain","optional":true,"sensitive":true}},"description":"The Cloudinary Provisioning provider manages account-level Cloudinary resources such as product environments, access keys, and custom policies.","description_kind":"plain"}},"resource_schemas":{"cloudinaryprovisioning_access_key":{"version":0,"block":{"attributes":{"api_key":{"type":"string","description":"The API key identifier.","description_kind":"plain","computed":true},"api_secret":{"type":"string","description":"The API secret. Only available immediately after creation. Preserved in state.","description_kind":"plain","computed":true,"sensitive":true},"created_at":{"type":"string","description":"The time at which the access key was created (RFC3339).","description_kind":"plain","computed":true},"enabled":{"type":"bool","description":"Whether the access key is enabled.","description_kind":"plain","optional":true,"computed":true},"id":{"type":"string","description":"Composite identifier: {product_environment_id}/{api_key}. Also the format accepted by terraform import.","description_kind":"plain","computed":true},"name":{"type":"string","description":"A display name for the access key.","description_kind":"plain","optional":true,"computed":true},"product_environment_id":{"type":"string","description":"The ID of the product environment this access key belongs to. Changing this value forces a new resource to be created.","description_kind":"plain","required":true},"updated_at":{"type":"string","description":"The time at which the access key was last updated (RFC3339).","description_kind":"plain","computed":true}},"description":"Manages an API access key for a Cloudinary product environment. Access keys provide the credentials needed to interact with a product environment's API.","description_kind":"plain"}},"cloudinaryprovisioning_custom_policy":{"version":0,"block":{"attributes":{"created_at":{"type":"string","description":"The Unix timestamp at which the custom policy was created.","description_kind":"plain","computed":true},"description":{"type":"string","description":"A human-readable description of the custom policy.","description_kind":"plain","optional":true,"computed":true},"enabled":{"type":"bool","description":"Whether the custom policy is enabled.","description_kind":"plain","optional":true,"computed":true},"id":{"type":"string","description":"The unique identifier of the custom policy assigned by Cloudinary.","description_kind":"plain","computed":true},"name":{"type":"string","description":"The display name of the custom policy.","description_kind":"plain","required":true},"policy_statement":{"type":"string","description":"The Cedar policy statement string.","description_kind":"plain","required":true},"scope_id":{"type":"string","description":"The ID of the product environment this policy applies to. Required when scope_type is \"prodenv\". Must be omitted or empty when scope_type is \"account\".","description_kind":"plain","optional":true,"computed":true},"scope_type":{"type":"string","description":"The scope of the policy. Must be one of: \"account\" (applies to the whole account) or \"prodenv\" (applies to a specific product environment).","description_kind":"plain","required":true},"updated_at":{"type":"string","description":"The Unix timestamp at which the custom policy was last updated.","description_kind":"plain","computed":true}},"description":"Manages a Cloudinary custom permissions policy. Custom policies allow fine-grained access control over Cloudinary resources using Cedar policy language.","description_kind":"plain"}},"cloudinaryprovisioning_principal_role_assignment":{"version":0,"block":{"attributes":{"id":{"type":"string","description":"Composite identifier: {principal_type}/{principal_id}/{role_id}/{scope_type}/{scope_id}.","description_kind":"plain","computed":true},"principal_id":{"type":"string","description":"The unique identifier of the principal.","description_kind":"plain","required":true},"principal_type":{"type":"string","description":"The type of principal. Must be one of: \"user\", \"group\", \"apiKey\", \"provisioningKey\".","description_kind":"plain","required":true},"role_id":{"type":"string","description":"The unique identifier of the role to assign.","description_kind":"plain","required":true},"scope_id":{"type":"string","description":"The ID of the product environment. Required when scope_type is \"prodenv\". Must be omitted when scope_type is \"account\".","description_kind":"plain","optional":true},"scope_type":{"type":"string","description":"The scope level. Must be one of: \"account\" (whole account) or \"prodenv\" (specific product environment).","description_kind":"plain","required":true}},"description":"Assigns a role to a principal (user, group, API key, or provisioning key) within a given scope. All attributes are immutable: any change forces resource replacement.","description_kind":"plain"}},"cloudinaryprovisioning_product_environment":{"version":0,"block":{"attributes":{"base_sub_account_id":{"type":"string","description":"The ID of an existing product environment to copy settings from when creating this one. Changing this value forces a new resource to be created.","description_kind":"plain","optional":true},"cloud_name":{"type":"string","description":"The Cloudinary cloud name for this product environment. Auto-generated if not provided.","description_kind":"plain","optional":true,"computed":true},"created_at":{"type":"string","description":"The time at which the product environment was created (RFC3339).","description_kind":"plain","computed":true},"deletion_protection":{"type":"bool","description":"Whether to prevent accidental deletion of this product environment. Defaults to true. When true, terraform destroy will fail with an error. To destroy the resource, set this to false and run terraform apply first.","description_kind":"plain","optional":true,"computed":true},"enabled":{"type":"bool","description":"Whether the product environment is enabled.","description_kind":"plain","optional":true,"computed":true},"id":{"type":"string","description":"The unique identifier of the product environment assigned by Cloudinary.","description_kind":"plain","computed":true},"name":{"type":"string","description":"The display name of the product environment.","description_kind":"plain","required":true},"updated_at":{"type":"string","description":"The time at which the product environment was last updated (RFC3339).","description_kind":"plain","computed":true}},"description":"Manages a Cloudinary product environment (sub-account). Product environments allow you to segment your Cloudinary usage for different projects or teams.","description_kind":"plain"}}},"data_source_schemas":{"cloudinaryprovisioning_current_principal":{"version":0,"block":{"attributes":{"account_id":{"type":"string","description":"The Cloudinary account ID the provider is configured for.","description_kind":"plain","computed":true},"principal_id":{"type":"string","description":"The unique identifier of the current principal.","description_kind":"plain","computed":true},"principal_type":{"type":"string","description":"The type of the current principal. Currently always \"provisioningKey\" when authenticating with a provisioning API key.","description_kind":"plain","computed":true}},"description":"Returns the identity of the currently authenticated principal (the credentials used to configure the provider). Use principal_id and principal_type directly in cloudinaryprovisioning_principal_role_assignment.","description_kind":"plain"}},"cloudinaryprovisioning_product_environment":{"version":0,"block":{"attributes":{"cloud_name":{"type":"string","description":"The Cloudinary cloud name for this product environment. Used to look up the environment when id is not set.","description_kind":"plain","optional":true,"computed":true},"created_at":{"type":"string","description":"The time at which the product environment was created (RFC3339).","description_kind":"plain","computed":true},"enabled":{"type":"bool","description":"Whether the product environment is enabled.","description_kind":"plain","computed":true},"id":{"type":"string","description":"The unique identifier of the product environment. When set, takes precedence over cloud_name.","description_kind":"plain","optional":true,"computed":true},"name":{"type":"string","description":"The display name of the product environment.","description_kind":"plain","computed":true},"updated_at":{"type":"string","description":"The time at which the product environment was last updated (RFC3339).","description_kind":"plain","computed":true}},"description":"Reads information about an existing Cloudinary product environment (sub-account). Look up by id or by cloud_name.","description_kind":"plain"}},"cloudinaryprovisioning_role":{"version":0,"block":{"attributes":{"description":{"type":"string","description":"A short description of the role.","description_kind":"plain","computed":true},"id":{"type":"string","description":"The unique identifier of the role.","description_kind":"plain","computed":true},"management_type":{"type":"string","description":"Whether the role is managed by Cloudinary (\"system\") or by the user (\"custom\").","description_kind":"plain","computed":true},"name":{"type":"string","description":"The name of the role to look up (e.g. \"Admin\").","description_kind":"plain","required":true},"permission_type":{"type":"string","description":"The permission type of the role. Must be one of: \"global\" (role applies across all contexts within its scope, e.g. full account or all folders in a product environment) or \"content\" (role applies to specific content instances such as a particular folder or collection).","description_kind":"plain","required":true},"scope_type":{"type":"string","description":"Where the role is applied: \"account\" or \"prodenv\". When provided, only roles matching this scope type are considered, which is useful when multiple roles share the same name across scopes (e.g. \"Admin\").","description_kind":"plain","optional":true,"computed":true}},"description":"Looks up a Cloudinary role by name and permission type. Use this data source to retrieve the role ID needed for principal role assignments.","description_kind":"plain"}}}}}}
